
Microsoft Visual Studio Solution File, Format Version 12.00
Project("{FAE04EC0-301F-11D3-BF4B-00C04F79EFBC}") = "TestingDbSeeder", "TestingDbSeeder.csproj", "{2FB314AF-8532-4D75-9E7F-C78654887898}"
EndProject
Global
	GlobalSection(SolutionConfigurationPlatforms) = preSolution
		Debug|Any CPU = Debug|Any CPU
		Release|Any CPU = Release|Any CPU
	EndGlobalSection
	GlobalSection(ProjectConfigurationPlatforms) = postSolution
		{2FB314AF-8532-4D75-9E7F-C78654887898}.Debug|Any CPU.ActiveCfg = Debug|Any CPU
		{2FB314AF-8532-4D75-9E7F-C78654887898}.Debug|Any CPU.Build.0 = Debug|Any CPU
		{2FB314AF-8532-4D75-9E7F-C78654887898}.Release|Any CPU.ActiveCfg = Release|Any CPU
		{2FB314AF-8532-4D75-9E7F-C78654887898}.Release|Any CPU.Build.0 = Release|Any CPU
	EndGlobalSection
EndGlobal
